{
  "name": "my-poroje",
  "lockfileVersion": 2,
  "requires": true,
  "packages": {
    "": {
      "dependencies": {
        "redium": "^0.6.2"
      }
    },
    "node_modules/async": {
      "version": "0.9.2",
      "resolved": "https://registry.npmjs.org/async/-/async-0.9.2.tgz",
      "integrity": "sha1-rqdNXmHB+JlhO/ZL2mbUx48v0X0="
    },
    "node_modules/crc": {
      "version": "3.0.0",
      "resolved": "https://registry.npmjs.org/crc/-/crc-3.0.0.tgz",
      "integrity": "sha1-0R6X7ESoROXrFadPoseHXQqsSyI="
    },
    "node_modules/enforce": {
      "version": "0.1.6",
      "resolved": "https://registry.npmjs.org/enforce/-/enforce-0.1.6.tgz",
      "integrity": "sha1-L/9Nt4XzfUpb6g2n2vozVZcZwHw=",
      "engines": {
        "node": "*"
      }
    },
    "node_modules/hat": {
      "version": "0.0.3",
      "resolved": "https://registry.npmjs.org/hat/-/hat-0.0.3.tgz",
      "integrity": "sha1-uwFKnmSzeIrtgAWRdBPU/z1QLYo=",
      "engines": {
        "node": "*"
      }
    },
    "node_modules/lodash": {
      "version": "2.4.1",
      "resolved": "https://registry.npmjs.org/lodash/-/lodash-2.4.1.tgz",
      "integrity": "sha1-W3cjA03aTSYuWkb7LFjXzCL3FCA=",
      "engines": [
        "node",
        "rhino"
      ]
    },
    "node_modules/node-uuid": {
      "version": "1.4.8",
      "resolved": "https://registry.npmjs.org/node-uuid/-/node-uuid-1.4.8.tgz",
      "integrity": "sha1-sEDrCSOWivq/jTL7HxfxFn/auQc=",
      "deprecated": "Use uuid module instead",
      "bin": {
        "uuid": "bin/uuid"
      }
    },
    "node_modules/orm": {
      "version": "2.1.30",
      "resolved": "https://registry.npmjs.org/orm/-/orm-2.1.30.tgz",
      "integrity": "sha1-/2GAX6iUAbfanvEd4w7Mm5ZS/FQ=",
      "dependencies": {
        "enforce": "0.1.6",
        "hat": "0.0.3",
        "lodash": "2.4.1",
        "path-is-absolute": "1.0.0",
        "sql-ddl-sync": "0.3.11",
        "sql-query": "0.1.26"
      },
      "engines": {
        "node": "*"
      }
    },
    "node_modules/path-is-absolute": {
      "version": "1.0.0",
      "resolved": "https://registry.npmjs.org/path-is-absolute/-/path-is-absolute-1.0.0.tgz",
      "integrity": "sha1-Jj2tpmqz8vsQv3+dJN2PPlcO+RI=",
      "engines": {
        "node": ">=0.10.0"
      }
    },
    "node_modules/redis": {
      "version": "0.12.1",
      "resolved": "https://registry.npmjs.org/redis/-/redis-0.12.1.tgz",
      "integrity": "sha1-ZN92rQ/IrOuuvSoGReikj6xJGF4="
    },
    "node_modules/redium": {
      "version": "0.6.2",
      "resolved": "https://registry.npmjs.org/redium/-/redium-0.6.2.tgz",
      "integrity": "sha1-oiyCTNStxppP5/FlxUug416tVHo=",
      "dependencies": {
        "async": "~0.9.0",
        "crc": "~3.0.0",
        "node-uuid": "~1.4.1",
        "orm": "~2.1.19",
        "redis": "~0.12.1",
        "underscore": "~1.7.0"
      }
    },
    "node_modules/sql-ddl-sync": {
      "version": "0.3.11",
      "resolved": "https://registry.npmjs.org/sql-ddl-sync/-/sql-ddl-sync-0.3.11.tgz",
      "integrity": "sha1-g4LNJb4uI40WpmAP7n5QNxBwWkg=",
      "dependencies": {
        "lodash": "2.4.1"
      },
      "engines": {
        "node": "*"
      }
    },
    "node_modules/sql-query": {
      "version": "0.1.26",
      "resolved": "https://registry.npmjs.org/sql-query/-/sql-query-0.1.26.tgz",
      "integrity": "sha1-yNNYvl2xxJzCBVVYuj32TlpIxEE=",
      "engines": {
        "node": "*"
      }
    },
    "node_modules/underscore": {
      "version": "1.7.0",
      "resolved": "https://registry.npmjs.org/underscore/-/underscore-1.7.0.tgz",
      "integrity": "sha1-a7rwh3UA02vjTsqlhODbn+8DUgk="
    }
  },
  "dependencies": {
    "async": {
      "version": "0.9.2",
      "resolved": "https://registry.npmjs.org/async/-/async-0.9.2.tgz",
      "integrity": "sha1-rqdNXmHB+JlhO/ZL2mbUx48v0X0="
    },
    "crc": {
      "version": "3.0.0",
      "resolved": "https://registry.npmjs.org/crc/-/crc-3.0.0.tgz",
      "integrity": "sha1-0R6X7ESoROXrFadPoseHXQqsSyI="
    },
    "enforce": {
      "version": "0.1.6",
      "resolved": "https://registry.npmjs.org/enforce/-/enforce-0.1.6.tgz",
      "integrity": "sha1-L/9Nt4XzfUpb6g2n2vozVZcZwHw="
    },
    "hat": {
      "version": "0.0.3",
      "resolved": "https://registry.npmjs.org/hat/-/hat-0.0.3.tgz",
      "integrity": "sha1-uwFKnmSzeIrtgAWRdBPU/z1QLYo="
    },
    "lodash": {
      "version": "2.4.1",
      "resolved": "https://registry.npmjs.org/lodash/-/lodash-2.4.1.tgz",
      "integrity": "sha1-W3cjA03aTSYuWkb7LFjXzCL3FCA="
    },
    "node-uuid": {
      "version": "1.4.8",
      "resolved": "https://registry.npmjs.org/node-uuid/-/node-uuid-1.4.8.tgz",
      "integrity": "sha1-sEDrCSOWivq/jTL7HxfxFn/auQc="
    },
    "orm": {
      "version": "2.1.30",
      "resolved": "https://registry.npmjs.org/orm/-/orm-2.1.30.tgz",
      "integrity": "sha1-/2GAX6iUAbfanvEd4w7Mm5ZS/FQ=",
      "requires": {
        "enforce": "0.1.6",
        "hat": "0.0.3",
        "lodash": "2.4.1",
        "path-is-absolute": "1.0.0",
        "sql-ddl-sync": "0.3.11",
        "sql-query": "0.1.26"
      }
    },
    "path-is-absolute": {
      "version": "1.0.0",
      "resolved": "https://registry.npmjs.org/path-is-absolute/-/path-is-absolute-1.0.0.tgz",
      "integrity": "sha1-Jj2tpmqz8vsQv3+dJN2PPlcO+RI="
    },
    "redis": {
      "version": "0.12.1",
      "resolved": "https://registry.npmjs.org/redis/-/redis-0.12.1.tgz",
      "integrity": "sha1-ZN92rQ/IrOuuvSoGReikj6xJGF4="
    },
    "redium": {
      "version": "0.6.2",
      "resolved": "https://registry.npmjs.org/redium/-/redium-0.6.2.tgz",
      "integrity": "sha1-oiyCTNStxppP5/FlxUug416tVHo=",
      "requires": {
        "async": "~0.9.0",
        "crc": "~3.0.0",
        "node-uuid": "~1.4.1",
        "orm": "~2.1.19",
        "redis": "~0.12.1",
        "underscore": "~1.7.0"
      }
    },
    "sql-ddl-sync": {
      "version": "0.3.11",
      "resolved": "https://registry.npmjs.org/sql-ddl-sync/-/sql-ddl-sync-0.3.11.tgz",
      "integrity": "sha1-g4LNJb4uI40WpmAP7n5QNxBwWkg=",
      "requires": {
        "lodash": "2.4.1"
      }
    },
    "sql-query": {
      "version": "0.1.26",
      "resolved": "https://registry.npmjs.org/sql-query/-/sql-query-0.1.26.tgz",
      "integrity": "sha1-yNNYvl2xxJzCBVVYuj32TlpIxEE="
    },
    "underscore": {
      "version": "1.7.0",
      "resolved": "https://registry.npmjs.org/underscore/-/underscore-1.7.0.tgz",
      "integrity": "sha1-a7rwh3UA02vjTsqlhODbn+8DUgk="
    }
  }
}
